
Microsoft Visual Studio Solution File, Format Version 12.00
# Visual Studio Version 16
VisualStudioVersion = 16.0.31911.196
MinimumVisualStudioVersion = 10.0.40219.1
Project("{FAE04EC0-301F-11D3-BF4B-00C04F79EFBC}") = "MyGame", "MyGame\MyGame.csproj", "{2F4BE704-CF14-490F-A313-A426E8C1201B}"
EndProject
Global
	GlobalSection(SolutionConfigurationPlatforms) = preSolution
		Debug|Any CPU = Debug|Any CPU
		Release|Any CPU = Release|Any CPU
	EndGlobalSection
	GlobalSection(ProjectConfigurationPlatforms) = postSolution
		{2F4BE704-CF14-490F-A313-A426E8C1201B}.Debug|Any CPU.ActiveCfg = Debug|Any CPU
		{2F4BE704-CF14-490F-A313-A426E8C1201B}.Debug|Any CPU.Build.0 = Debug|Any CPU
		{2F4BE704-CF14-490F-A313-A426E8C1201B}.Release|Any CPU.ActiveCfg = Release|Any CPU
		{2F4BE704-CF14-490F-A313-A426E8C1201B}.Release|Any CPU.Build.0 = Release|Any CPU
	EndGlobalSection
	GlobalSection(SolutionProperties) = preSolution
		HideSolutionNode = FALSE
	EndGlobalSection
	GlobalSection(ExtensibilityGlobals) = postSolution
		SolutionGuid = {5974DB8B-19C8-47D5-80BF-33DCDDF30715}
	EndGlobalSection
EndGlobal
